
Microsoft Visual Studio Solution File, Format Version 12.00
# Visual Studio Version 17
VisualStudioVersion = 17.11.35312.102
MinimumVisualStudioVersion = 10.0.40219.1
Project("{9A19103F-16F7-4668-BE54-9A1E7A4F7556}") = "admin", "backend\admin\admin.csproj", "{53FAB50C-2532-4D6A-8CA6-B82089791601}"
EndProject
Project("{E53339B2-1760-4266-BCC7-CA923CBCF16C}") = "docker-compose", "docker-compose.dcproj", "{B23F5251-8913-43AF-A9E2-EAE55C073060}"
EndProject
Global
	GlobalSection(SolutionConfigurationPlatforms) = preSolution
		Debug|Any CPU = Debug|Any CPU
		Release|Any CPU = Release|Any CPU
	EndGlobalSection
	GlobalSection(ProjectConfigurationPlatforms) = postSolution
		{53FAB50C-2532-4D6A-8CA6-B82089791601}.Debug|Any CPU.ActiveCfg = Debug|Any CPU
		{53FAB50C-2532-4D6A-8CA6-B82089791601}.Debug|Any CPU.Build.0 = Debug|Any CPU
		{53FAB50C-2532-4D6A-8CA6-B82089791601}.Release|Any CPU.ActiveCfg = Release|Any CPU
		{53FAB50C-2532-4D6A-8CA6-B82089791601}.Release|Any CPU.Build.0 = Release|Any CPU
		{B23F5251-8913-43AF-A9E2-EAE55C073060}.Debug|Any CPU.ActiveCfg = Debug|Any CPU
		{B23F5251-8913-43AF-A9E2-EAE55C073060}.Debug|Any CPU.Build.0 = Debug|Any CPU
		{B23F5251-8913-43AF-A9E2-EAE55C073060}.Release|Any CPU.ActiveCfg = Release|Any CPU
		{B23F5251-8913-43AF-A9E2-EAE55C073060}.Release|Any CPU.Build.0 = Release|Any CPU
	EndGlobalSection
	GlobalSection(SolutionProperties) = preSolution
		HideSolutionNode = FALSE
	EndGlobalSection
	GlobalSection(ExtensibilityGlobals) = postSolution
		SolutionGuid = {0F8B3E22-DE2B-4B31-9910-55CAB3B9B263}
	EndGlobalSection
EndGlobal
